
Microsoft Visual Studio Solution File, Format Version 12.00
# Visual Studio Version 17
VisualStudioVersion = 17.8.34309.116
MinimumVisualStudioVersion = 10.0.40219.1
Project("{9A19103F-16F7-4668-BE54-9A1E7A4F7556}") = "ContactsMenu", "ConsoleApp3\ContactsMenu.csproj", "{823E9C8A-4A64-489A-94E8-CEDC30F98EE6}"
EndProject
Project("{FAE04EC0-301F-11D3-BF4B-00C04F79EFBC}") = "ContactsMenuTests", "ContactsMenuTests\ContactsMenuTests.csproj", "{2B17416D-F89B-4B6B-B661-975B87445328}"
EndProject
Global
	GlobalSection(SolutionConfigurationPlatforms) = preSolution
		Debug|Any CPU = Debug|Any CPU
		Release|Any CPU = Release|Any CPU
	EndGlobalSection
	GlobalSection(ProjectConfigurationPlatforms) = postSolution
		{823E9C8A-4A64-489A-94E8-CEDC30F98EE6}.Debug|Any CPU.ActiveCfg = Debug|Any CPU
		{823E9C8A-4A64-489A-94E8-CEDC30F98EE6}.Debug|Any CPU.Build.0 = Debug|Any CPU
		{823E9C8A-4A64-489A-94E8-CEDC30F98EE6}.Release|Any CPU.ActiveCfg = Release|Any CPU
		{823E9C8A-4A64-489A-94E8-CEDC30F98EE6}.Release|Any CPU.Build.0 = Release|Any CPU
		{2B17416D-F89B-4B6B-B661-975B87445328}.Debug|Any CPU.ActiveCfg = Debug|Any CPU
		{2B17416D-F89B-4B6B-B661-975B87445328}.Debug|Any CPU.Build.0 = Debug|Any CPU
		{2B17416D-F89B-4B6B-B661-975B87445328}.Release|Any CPU.ActiveCfg = Release|Any CPU
		{2B17416D-F89B-4B6B-B661-975B87445328}.Release|Any CPU.Build.0 = Release|Any CPU
	EndGlobalSection
	GlobalSection(SolutionProperties) = preSolution
		HideSolutionNode = FALSE
	EndGlobalSection
	GlobalSection(ExtensibilityGlobals) = postSolution
		SolutionGuid = {CF3C1B91-BA9F-47AB-B255-56BD807101AE}
	EndGlobalSection
EndGlobal
